// !$*UTF8*$!
{
	archiveVersion = 1;
	classes = {
	};
	objectVersion = 50;
	objects = {

/* Begin PBXBuildFile section */
		6B5FFFBF27A02B9600B756BC /* CustomCell.swift in Sources */ = {isa = PBXBuildFile; fileRef = 6B5FFFBD27A02B9500B756BC /* CustomCell.swift */; };
		6B5FFFC027A02B9600B756BC /* CustomCell.xib in Resources */ = {isa = PBXBuildFile; fileRef = 6B5FFFBE27A02B9500B756BC /* CustomCell.xib */; };
		6B5FFFC227A056A300B756BC /* content.csv in Resources */ = {isa = PBXBuildFile; fileRef = 6B5FFFC127A056A300B756BC /* content.csv */; };
		6B6711BD27A02724008A9E7A /* AppDelegate.swift in Sources */ = {isa = PBXBuildFile; fileRef = 6B6711BC27A02724008A9E7A /* AppDelegate.swift */; };
		6B6711BF27A02724008A9E7A /* SceneDelegate.swift in Sources */ = {isa = PBXBuildFile; fileRef = 6B6711BE27A02724008A9E7A /* SceneDelegate.swift */; };
		6B6711C127A02724008A9E7A /* ViewController.swift in Sources */ = {isa = PBXBuildFile; fileRef = 6B6711C027A02724008A9E7A /* ViewController.swift */; };
		6B6711C427A02724008A9E7A /* Main.storyboard in Resources */ = {isa = PBXBuildFile; fileRef = 6B6711C227A02724008A9E7A /* Main.storyboard */; };
		6B6711C627A02727008A9E7A /* Assets.xcassets in Resources */ = {isa = PBXBuildFile; fileRef = 6B6711C527A02727008A9E7A /* Assets.xcassets */; };
		6B6711C927A02727008A9E7A /* LaunchScreen.storyboard in Resources */ = {isa = PBXBuildFile; fileRef = 6B6711C727A02727008A9E7A /* LaunchScreen.storyboard */; };
		6B6711D427A02727008A9E7A /* The_Story_of_KieuTests.swift in Sources */ = {isa = PBXBuildFile; fileRef = 6B6711D327A02727008A9E7A /* The_Story_of_KieuTests.swift */; };
		6B6711DF27A02727008A9E7A /* The_Story_of_KieuUITests.swift in Sources */ = {isa = PBXBuildFile; fileRef = 6B6711DE27A02727008A9E7A /* The_Story_of_KieuUITests.swift */; };
/* End PBXBuildFile section */

/* Begin PBXContainerItemProxy section */
		6B6711D027A02727008A9E7A /* PBXContainerItemProxy */ = {
			isa = PBXContainerItemProxy;
			containerPortal = 6B6711B127A02724008A9E7A /* Project object */;
			proxyType = 1;
			remoteGlobalIDString = 6B6711B827A02724008A9E7A;
			remoteInfo = "The Story of Kieu";
		};
		6B6711DB27A02727008A9E7A /* PBXContainerItemProxy */ = {
			isa = PBXContainerItemProxy;
			containerPortal = 6B6711B127A02724008A9E7A /* Project object */;
			proxyType = 1;
			remoteGlobalIDString = 6B6711B827A02724008A9E7A;
			remoteInfo = "The Story of Kieu";
		};
/* End PBXContainerItemProxy section */

/* Begin PBXFileReference section */
		6B5FFFBD27A02B9500B756BC /* CustomCell.swift */ = {isa = PBXFileReference; fileEncoding = 4; lastKnownFileType = sourcecode.swift; path = CustomCell.swift; sourceTree = "<group>"; };
		6B5FFFBE27A02B9500B756BC /* CustomCell.xib */ = {isa = PBXFileReference; fileEncoding = 4; lastKnownFileType = file.xib; path = CustomCell.xib; sourceTree = "<group>"; };
		6B5FFFC127A056A300B756BC /* content.csv */ = {isa = PBXFileReference; lastKnownFileType = text; path = content.csv; sourceTree = "<group>"; };
		6B6711B927A02724008A9E7A /* The Story of Kieu.app */ = {isa = PBXFileReference; explicitFileType = wrapper.application; includeInIndex = 0; path = "The Story of Kieu.app"; sourceTree = BUILT_PRODUCTS_DIR; };
		6B6711BC27A02724008A9E7A /* AppDelegate.swift */ = {isa = PBXFileReference; lastKnownFileType = sourcecode.swift; path = AppDelegate.swift; sourceTree = "<group>"; };
		6B6711BE27A02724008A9E7A /* SceneDelegate.swift */ = {isa = PBXFileReference; lastKnownFileType = sourcecode.swift; path = SceneDelegate.swift; sourceTree = "<group>"; };
		6B6711C027A02724008A9E7A /* ViewController.swift */ = {isa = PBXFileReference; lastKnownFileType = sourcecode.swift; path = ViewController.swift; sourceTree = "<group>"; };
		6B6711C327A02724008A9E7A /* Base */ = {isa = PBXFileReference; lastKnownFileType = file.storyboard; name = Base; path = Base.lproj/Main.storyboard; sourceTree = "<group>"; };
		6B6711C527A02727008A9E7A /* Assets.xcassets */ = {isa = PBXFileReference; lastKnownFileType = folder.assetcatalog; path = Assets.xcassets; sourceTree = "<group>"; };
		6B6711C827A02727008A9E7A /* Base */ = {isa = PBXFileReference; lastKnownFileType = file.storyboard; name = Base; path = Base.lproj/LaunchScreen.storyboard; sourceTree = "<group>"; };
		6B6711CA27A02727008A9E7A /* Info.plist */ = {isa = PBXFileReference; lastKnownFileType = text.plist.xml; path = Info.plist; sourceTree = "<group>"; };
		6B6711CF27A02727008A9E7A /* The Story of KieuTests.xctest */ = {isa = PBXFileReference; explicitFileType = wrapper.cfbundle; includeInIndex = 0; path = "The Story of KieuTests.xctest"; sourceTree = BUILT_PRODUCTS_DIR; };
		6B6711D327A02727008A9E7A /* The_Story_of_KieuTests.swift */ = {isa = PBXFileReference; lastKnownFileType = sourcecode.swift; path = The_Story_of_KieuTests.swift; sourceTree = "<group>"; };
		6B6711D527A02727008A9E7A /* Info.plist */ = {isa = PBXFileReference; lastKnownFileType = text.plist.xml; path = Info.plist; sourceTree = "<group>"; };
		6B6711DA27A02727008A9E7A /* The Story of KieuUITests.xctest */ = {isa = PBXFileReference; explicitFileType = wrapper.cfbundle; includeInIndex = 0; path = "The Story of KieuUITests.xctest"; sourceTree = BUILT_PRODUCTS_DIR; };
		6B6711DE27A02727008A9E7A /* The_Story_of_KieuUITests.swift */ = {isa = PBXFileReference; lastKnownFileType = sourcecode.swift; path = The_Story_of_KieuUITests.swift; sourceTree = "<group>"; };
		6B6711E027A02727008A9E7A /* Info.plist */ = {isa = PBXFileReference; lastKnownFileType = text.plist.xml; path = Info.plist; sourceTree = "<group>"; };
/* End PBXFileReference section */

/* Begin PBXFrameworksBuildPhase section */
		6B6711B627A02724008A9E7A /* Frameworks */ = {
			isa = PBXFrameworksBuildPhase;
			buildActionMask = 2147483647;
			files = (
			);
			runOnlyForDeploymentPostprocessing = 0;
		};
		6B6711CC27A02727008A9E7A /* Frameworks */ = {
			isa = PBXFrameworksBuildPhase;
			buildActionMask = 2147483647;
			files = (
			);
			runOnlyForDeploymentPostprocessing = 0;
		};
		6B6711D727A02727008A9E7A /* Frameworks */ = {
			isa = PBXFrameworksBuildPhase;
			buildActionMask = 2147483647;
			files = (
			);
			runOnlyForDeploymentPostprocessing = 0;
		};
/* End PBXFrameworksBuildPhase section */

/* Begin PBXGroup section */
		6B6711B027A02724008A9E7A = {
			isa = PBXGroup;
			children = (
				6B5FFFC127A056A300B756BC /* content.csv */,
				6B6711BB27A02724008A9E7A /* The Story of Kieu */,
				6B6711D227A02727008A9E7A /* The Story of KieuTests */,
				6B6711DD27A02727008A9E7A /* The Story of KieuUITests */,
				6B6711BA27A02724008A9E7A /* Products */,
			);
			sourceTree = "<group>";
		};
		6B6711BA27A02724008A9E7A /* Products */ = {
			isa = PBXGroup;
			children = (
				6B6711B927A02724008A9E7A /* The Story of Kieu.app */,
				6B6711CF27A02727008A9E7A /* The Story of KieuTests.xctest */,
				6B6711DA27A02727008A9E7A /* The Story of KieuUITests.xctest */,
			);
			name = Products;
			sourceTree = "<group>";
		};
		6B6711BB27A02724008A9E7A /* The Story of Kieu */ = {
			isa = PBXGroup;
			children = (
				6B6711BC27A02724008A9E7A /* AppDelegate.swift */,
				6B6711BE27A02724008A9E7A /* SceneDelegate.swift */,
				6B6711C027A02724008A9E7A /* ViewController.swift */,
				6B5FFFBD27A02B9500B756BC /* CustomCell.swift */,
				6B5FFFBE27A02B9500B756BC /* CustomCell.xib */,
				6B6711C227A02724008A9E7A /* Main.storyboard */,
				6B6711C527A02727008A9E7A /* Assets.xcassets */,
				6B6711C727A02727008A9E7A /* LaunchScreen.storyboard */,
				6B6711CA27A02727008A9E7A /* Info.plist */,
			);
			path = "The Story of Kieu";
			sourceTree = "<group>";
		};
		6B6711D227A02727008A9E7A /* The Story of KieuTests */ = {
			isa = PBXGroup;
			children = (
				6B6711D327A02727008A9E7A /* The_Story_of_KieuTests.swift */,
				6B6711D527A02727008A9E7A /* Info.plist */,
			);
			path = "The Story of KieuTests";
			sourceTree = "<group>";
		};
		6B6711DD27A02727008A9E7A /* The Story of KieuUITests */ = {
			isa = PBXGroup;
			children = (
				6B6711DE27A02727008A9E7A /* The_Story_of_KieuUITests.swift */,
				6B6711E027A02727008A9E7A /* Info.plist */,
			);
			path = "The Story of KieuUITests";
			sourceTree = "<group>";
		};
/* End PBXGroup section */

/* Begin PBXNativeTarget section */
		6B6711B827A02724008A9E7A /* The Story of Kieu */ = {
			isa = PBXNativeTarget;
			buildConfigurationList = 6B6711E327A02727008A9E7A /* Build configuration list for PBXNativeTarget "The Story of Kieu" */;
			buildPhases = (
				6B6711B527A02724008A9E7A /* Sources */,
				6B6711B627A02724008A9E7A /* Frameworks */,
				6B6711B727A02724008A9E7A /* Resources */,
			);
			buildRules = (
			);
			dependencies = (
			);
			name = "The Story of Kieu";
			productName = "The Story of Kieu";
			productReference = 6B6711B927A02724008A9E7A /* The Story of Kieu.app */;
			productType = "com.apple.product-type.application";
		};
		6B6711CE27A02727008A9E7A /* The Story of KieuTests */ = {
			isa = PBXNativeTarget;
			buildConfigurationList = 6B6711E627A02727008A9E7A /* Build configuration list for PBXNativeTarget "The Story of KieuTests" */;
			buildPhases = (
				6B6711CB27A02727008A9E7A /* Sources */,
				6B6711CC27A02727008A9E7A /* Frameworks */,
				6B6711CD27A02727008A9E7A /* Resources */,
			);
			buildRules = (
			);
			dependencies = (
				6B6711D127A02727008A9E7A /* PBXTargetDependency */,
			);
			name = "The Story of KieuTests";
			productName = "The Story of KieuTests";
			productReference = 6B6711CF27A02727008A9E7A /* The Story of KieuTests.xctest */;
			productType = "com.apple.product-type.bundle.unit-test";
		};
		6B6711D927A02727008A9E7A /* The Story of KieuUITests */ = {
			isa = PBXNativeTarget;
			buildConfigurationList = 6B6711E927A02727008A9E7A /* Build configuration list for PBXNativeTarget "The Story of KieuUITests" */;
			buildPhases = (
				6B6711D627A02727008A9E7A /* Sources */,
				6B6711D727A02727008A9E7A /* Frameworks */,
				6B6711D827A02727008A9E7A /* Resources */,
			);
			buildRules = (
			);
			dependencies = (
				6B6711DC27A02727008A9E7A /* PBXTargetDependency */,
			);
			name = "The Story of KieuUITests";
			productName = "The Story of KieuUITests";
			productReference = 6B6711DA27A02727008A9E7A /* The Story of KieuUITests.xctest */;
			productType = "com.apple.product-type.bundle.ui-testing";
		};
/* End PBXNativeTarget section */

/* Begin PBXProject section */
		6B6711B127A02724008A9E7A /* Project object */ = {
			isa = PBXProject;
			attributes = {
				LastSwiftUpdateCheck = 1250;
				LastUpgradeCheck = 1250;
				TargetAttributes = {
					6B6711B827A02724008A9E7A = {
						CreatedOnToolsVersion = 12.5.1;
					};
					6B6711CE27A02727008A9E7A = {
						CreatedOnToolsVersion = 12.5.1;
						TestTargetID = 6B6711B827A02724008A9E7A;
					};
					6B6711D927A02727008A9E7A = {
						CreatedOnToolsVersion = 12.5.1;
						TestTargetID = 6B6711B827A02724008A9E7A;
					};
				};
			};
			buildConfigurationList = 6B6711B427A02724008A9E7A /* Build configuration list for PBXProject "The Story of Kieu" */;
			compatibilityVersion = "Xcode 9.3";
			developmentRegion = en;
			hasScannedForEncodings = 0;
			knownRegions = (
				en,
				Base,
			);
			mainGroup = 6B6711B027A02724008A9E7A;
			productRefGroup = 6B6711BA27A02724008A9E7A /* Products */;
			projectDirPath = "";
			projectRoot = "";
			targets = (
				6B6711B827A02724008A9E7A /* The Story of Kieu */,
				6B6711CE27A02727008A9E7A /* The Story of KieuTests */,
				6B6711D927A02727008A9E7A /* The Story of KieuUITests */,
			);
		};
/* End PBXProject section */

/* Begin PBXResourcesBuildPhase section */
		6B6711B727A02724008A9E7A /* Resources */ = {
			isa = PBXResourcesBuildPhase;
			buildActionMask = 2147483647;
			files = (
				6B5FFFC227A056A300B756BC /* content.csv in Resources */,
				6B6711C927A02727008A9E7A /* LaunchScreen.storyboard in Resources */,
				6B6711C627A02727008A9E7A /* Assets.xcassets in Resources */,
				6B6711C427A02724008A9E7A /* Main.storyboard in Resources */,
				6B5FFFC027A02B9600B756BC /* CustomCell.xib in Resources */,
			);
			runOnlyForDeploymentPostprocessing = 0;
		};
		6B6711CD27A02727008A9E7A /* Resources */ = {
			isa = PBXResourcesBuildPhase;
			buildActionMask = 2147483647;
			files = (
			);
			runOnlyForDeploymentPostprocessing = 0;
		};
		6B6711D827A02727008A9E7A /* Resources */ = {
			isa = PBXResourcesBuildPhase;
			buildActionMask = 2147483647;
			files = (
			);
			runOnlyForDeploymentPostprocessing = 0;
		};
/* End PBXResourcesBuildPhase section */

/* Begin PBXSourcesBuildPhase section */
		6B6711B527A02724008A9E7A /* Sources */ = {
			isa = PBXSourcesBuildPhase;
			buildActionMask = 2147483647;
			files = (
				6B6711C127A02724008A9E7A /* ViewController.swift in Sources */,
				6B6711BD27A02724008A9E7A /* AppDelegate.swift in Sources */,
				6B6711BF27A02724008A9E7A /* SceneDelegate.swift in Sources */,
				6B5FFFBF27A02B9600B756BC /* CustomCell.swift in Sources */,
			);
			runOnlyForDeploymentPostprocessing = 0;
		};
		6B6711CB27A02727008A9E7A /* Sources */ = {
			isa = PBXSourcesBuildPhase;
			buildActionMask = 2147483647;
			files = (
				6B6711D427A02727008A9E7A /* The_Story_of_KieuTests.swift in Sources */,
			);
			runOnlyForDeploymentPostprocessing = 0;
		};
		6B6711D627A02727008A9E7A /* Sources */ = {
			isa = PBXSourcesBuildPhase;
			buildActionMask = 2147483647;
			files = (
				6B6711DF27A02727008A9E7A /* The_Story_of_KieuUITests.swift in Sources */,
			);
			runOnlyForDeploymentPostprocessing = 0;
		};
/* End PBXSourcesBuildPhase section */

/* Begin PBXTargetDependency section */
		6B6711D127A02727008A9E7A /* PBXTargetDependency */ = {
			isa = PBXTargetDependency;
			target = 6B6711B827A02724008A9E7A /* The Story of Kieu */;
			targetProxy = 6B6711D027A02727008A9E7A /* PBXContainerItemProxy */;
		};
		6B6711DC27A02727008A9E7A /* PBXTargetDependency */ = {
			isa = PBXTargetDependency;
			target = 6B6711B827A02724008A9E7A /* The Story of Kieu */;
			targetProxy = 6B6711DB27A02727008A9E7A /* PBXContainerItemProxy */;
		};
/* End PBXTargetDependency section */

/* Begin PBXVariantGroup section */
		6B6711C227A02724008A9E7A /* Main.storyboard */ = {
			isa = PBXVariantGroup;
			children = (
				6B6711C327A02724008A9E7A /* Base */,
			);
			name = Main.storyboard;
			sourceTree = "<group>";
		};
		6B6711C727A02727008A9E7A /* LaunchScreen.storyboard */ = {
			isa = PBXVariantGroup;
			children = (
				6B6711C827A02727008A9E7A /* Base */,
			);
			name = LaunchScreen.storyboard;
			sourceTree = "<group>";
		};
/* End PBXVariantGroup section */

/* Begin XCBuildConfiguration section */
		6B6711E127A02727008A9E7A /* Debug */ = {
			isa = XCBuildConfiguration;
			buildSettings = {
				ALWAYS_SEARCH_USER_PATHS = NO;
				CLANG_ANALYZER_NONNULL = YES;
				CLANG_ANALYZER_NUMBER_OBJECT_CONVERSION = YES_AGGRESSIVE;
				CLANG_CXX_LANGUAGE_STANDARD = "gnu++14";
				CLANG_CXX_LIBRARY = "libc++";
				CLANG_ENABLE_MODULES = YES;
				CLANG_ENABLE_OBJC_ARC = YES;
				CLANG_ENABLE_OBJC_WEAK = YES;
				CLANG_WARN_BLOCK_CAPTURE_AUTORELEASING = YES;
				CLANG_WARN_BOOL_CONVERSION = YES;
				CLANG_WARN_COMMA = YES;
				CLANG_WARN_CONSTANT_CONVERSION = YES;
				CLANG_WARN_DEPRECATED_OBJC_IMPLEMENTATIONS = YES;
				CLANG_WARN_DIRECT_OBJC_ISA_USAGE = YES_ERROR;
				CLANG_WARN_DOCUMENTATION_COMMENTS = YES;
				CLANG_WARN_EMPTY_BODY = YES;
				CLANG_WARN_ENUM_CONVERSION = YES;
				CLANG_WARN_INFINITE_RECURSION = YES;
				CLANG_WARN_INT_CONVERSION = YES;
				CLANG_WARN_NON_LITERAL_NULL_CONVERSION = YES;
				CLANG_WARN_OBJC_IMPLICIT_RETAIN_SELF = YES;
				CLANG_WARN_OBJC_LITERAL_CONVERSION = YES;
				CLANG_WARN_OBJC_ROOT_CLASS = YES_ERROR;
				CLANG_WARN_QUOTED_INCLUDE_IN_FRAMEWORK_HEADER = YES;
				CLANG_WARN_RANGE_LOOP_ANALYSIS = YES;
				CLANG_WARN_STRICT_PROTOTYPES = YES;
				CLANG_WARN_SUSPICIOUS_MOVE = YES;
				CLANG_WARN_UNGUARDED_AVAILABILITY = YES_AGGRESSIVE;
				CLANG_WARN_UNREACHABLE_CODE = YES;
				CLANG_WARN__DUPLICATE_METHOD_MATCH = YES;
				COPY_PHASE_STRIP = NO;
				DEBUG_INFORMATION_FORMAT = dwarf;
				ENABLE_STRICT_OBJC_MSGSEND = YES;
				ENABLE_TESTABILITY = YES;
				GCC_C_LANGUAGE_STANDARD = gnu11;
				GCC_DYNAMIC_NO_PIC = NO;
				GCC_NO_COMMON_BLOCKS = YES;
				GCC_OPTIMIZATION_LEVEL = 0;
				GCC_PREPROCESSOR_DEFINITIONS = (
					"DEBUG=1",
					"$(inherited)",
				);
				GCC_WARN_64_TO_32_BIT_CONVERSION = YES;
				GCC_WARN_ABOUT_RETURN_TYPE = YES_ERROR;
				GCC_WARN_UNDECLARED_SELECTOR = YES;
				GCC_WARN_UNINITIALIZED_AUTOS = YES_AGGRESSIVE;
				GCC_WARN_UNUSED_FUNCTION = YES;
				GCC_WARN_UNUSED_VARIABLE = YES;
				IPHONEOS_DEPLOYMENT_TARGET = 14.5;
				MTL_ENABLE_DEBUG_INFO = INCLUDE_SOURCE;
				MTL_FAST_MATH = YES;
				ONLY_ACTIVE_ARCH = YES;
				SDKROOT = iphoneos;
				SWIFT_ACTIVE_COMPILATION_CONDITIONS = DEBUG;
				SWIFT_OPTIMIZATION_LEVEL = "-Onone";
			};
			name = Debug;
		};
		6B6711E227A02727008A9E7A /* Release */ = {
			isa = XCBuildConfiguration;
			buildSettings = {
				ALWAYS_SEARCH_USER_PATHS = NO;
				CLANG_ANALYZER_NONNULL = YES;
				CLANG_ANALYZER_NUMBER_OBJECT_CONVERSION = YES_AGGRESSIVE;
				CLANG_CXX_LANGUAGE_STANDARD = "gnu++14";
				CLANG_CXX_LIBRARY = "libc++";
				CLANG_ENABLE_MODULES = YES;
				CLANG_ENABLE_OBJC_ARC = YES;
				CLANG_ENABLE_OBJC_WEAK = YES;
				CLANG_WARN_BLOCK_CAPTURE_AUTORELEASING = YES;
				CLANG_WARN_BOOL_CONVERSION = YES;
				CLANG_WARN_COMMA = YES;
				CLANG_WARN_CONSTANT_CONVERSION = YES;
				CLANG_WARN_DEPRECATED_OBJC_IMPLEMENTATIONS = YES;
				CLANG_WARN_DIRECT_OBJC_ISA_USAGE = YES_ERROR;
				CLANG_WARN_DOCUMENTATION_COMMENTS = YES;
				CLANG_WARN_EMPTY_BODY = YES;
				CLANG_WARN_ENUM_CONVERSION = YES;
				CLANG_WARN_INFINITE_RECURSION = YES;
				CLANG_WARN_INT_CONVERSION = YES;
				CLANG_WARN_NON_LITERAL_NULL_CONVERSION = YES;
				CLANG_WARN_OBJC_IMPLICIT_RETAIN_SELF = YES;
				CLANG_WARN_OBJC_LITERAL_CONVERSION = YES;
				CLANG_WARN_OBJC_ROOT_CLASS = YES_ERROR;
				CLANG_WARN_QUOTED_INCLUDE_IN_FRAMEWORK_HEADER = YES;
				CLANG_WARN_RANGE_LOOP_ANALYSIS = YES;
				CLANG_WARN_STRICT_PROTOTYPES = YES;
				CLANG_WARN_SUSPICIOUS_MOVE = YES;
				CLANG_WARN_UNGUARDED_AVAILABILITY = YES_AGGRESSIVE;
				CLANG_WARN_UNREACHABLE_CODE = YES;
				CLANG_WARN__DUPLICATE_METHOD_MATCH = YES;
				COPY_PHASE_STRIP = NO;
				DEBUG_INFORMATION_FORMAT = "dwarf-with-dsym";
				ENABLE_NS_ASSERTIONS = NO;
				ENABLE_STRICT_OBJC_MSGSEND = YES;
				GCC_C_LANGUAGE_STANDARD = gnu11;
				GCC_NO_COMMON_BLOCKS = YES;
				GCC_WARN_64_TO_32_BIT_CONVERSION = YES;
				GCC_WARN_ABOUT_RETURN_TYPE = YES_ERROR;
				GCC_WARN_UNDECLARED_SELECTOR = YES;
				GCC_WARN_UNINITIALIZED_AUTOS = YES_AGGRESSIVE;
				GCC_WARN_UNUSED_FUNCTION = YES;
				GCC_WARN_UNUSED_VARIABLE = YES;
				IPHONEOS_DEPLOYMENT_TARGET = 14.5;
				MTL_ENABLE_DEBUG_INFO = NO;
				MTL_FAST_MATH = YES;
				SDKROOT = iphoneos;
				SWIFT_COMPILATION_MODE = wholemodule;
				SWIFT_OPTIMIZATION_LEVEL = "-O";
				VALIDATE_PRODUCT = YES;
			};
			name = Release;
		};
		6B6711E427A02727008A9E7A /* Debug */ = {
			isa = XCBuildConfiguration;
			buildSettings = {
				ASSETCATALOG_COMPILER_APPICON_NAME = AppIcon;
				ASSETCATALOG_COMPILER_GLOBAL_ACCENT_COLOR_NAME = AccentColor;
				CODE_SIGN_STYLE = Automatic;
				DEVELOPMENT_TEAM = 63D4662568;
				INFOPLIST_FILE = "The Story of Kieu/Info.plist";
				LD_RUNPATH_SEARCH_PATHS = (
					"$(inherited)",
					"@executable_path/Frameworks",
				);
				PRODUCT_BUNDLE_IDENTIFIER = "SHEngine.The-Story-of-Kieu";
				PRODUCT_NAME = "$(TARGET_NAME)";
				SWIFT_VERSION = 5.0;
				TARGETED_DEVICE_FAMILY = "1,2";
			};
			name = Debug;
		};
		6B6711E527A02727008A9E7A /* Release */ = {
			isa = XCBuildConfiguration;
			buildSettings = {
				ASSETCATALOG_COMPILER_APPICON_NAME = AppIcon;
				ASSETCATALOG_COMPILER_GLOBAL_ACCENT_COLOR_NAME = AccentColor;
				CODE_SIGN_STYLE = Automatic;
				DEVELOPMENT_TEAM = 63D4662568;
				INFOPLIST_FILE = "The Story of Kieu/Info.plist";
				LD_RUNPATH_SEARCH_PATHS = (
					"$(inherited)",
					"@executable_path/Frameworks",
				);
				PRODUCT_BUNDLE_IDENTIFIER = "SHEngine.The-Story-of-Kieu";
				PRODUCT_NAME = "$(TARGET_NAME)";
				SWIFT_VERSION = 5.0;
				TARGETED_DEVICE_FAMILY = "1,2";
			};
			name = Release;
		};
		6B6711E727A02727008A9E7A /* Debug */ = {
			isa = XCBuildConfiguration;
			buildSettings = {
				ALWAYS_EMBED_SWIFT_STANDARD_LIBRARIES = YES;
				BUNDLE_LOADER = "$(TEST_HOST)";
				CODE_SIGN_STYLE = Automatic;
				DEVELOPMENT_TEAM = 63D4662568;
				INFOPLIST_FILE = "The Story of KieuTests/Info.plist";
				IPHONEOS_DEPLOYMENT_TARGET = 14.5;
				LD_RUNPATH_SEARCH_PATHS = (
					"$(inherited)",
					"@executable_path/Frameworks",
					"@loader_path/Frameworks",
				);
				PRODUCT_BUNDLE_IDENTIFIER = "SHEngine.The-Story-of-KieuTests";
				PRODUCT_NAME = "$(TARGET_NAME)";
				SWIFT_VERSION = 5.0;
				TARGETED_DEVICE_FAMILY = "1,2";
				TEST_HOST = "$(BUILT_PRODUCTS_DIR)/The Story of Kieu.app/The Story of Kieu";
			};
			name = Debug;
		};
		6B6711E827A02727008A9E7A /* Release */ = {
			isa = XCBuildConfiguration;
			buildSettings = {
				ALWAYS_EMBED_SWIFT_STANDARD_LIBRARIES = YES;
				BUNDLE_LOADER = "$(TEST_HOST)";
				CODE_SIGN_STYLE = Automatic;
				DEVELOPMENT_TEAM = 63D4662568;
				INFOPLIST_FILE = "The Story of KieuTests/Info.plist";
				IPHONEOS_DEPLOYMENT_TARGET = 14.5;
				LD_RUNPATH_SEARCH_PATHS = (
					"$(inherited)",
					"@executable_path/Frameworks",
					"@loader_path/Frameworks",
				);
				PRODUCT_BUNDLE_IDENTIFIER = "SHEngine.The-Story-of-KieuTests";
				PRODUCT_NAME = "$(TARGET_NAME)";
				SWIFT_VERSION = 5.0;
				TARGETED_DEVICE_FAMILY = "1,2";
				TEST_HOST = "$(BUILT_PRODUCTS_DIR)/The Story of Kieu.app/The Story of Kieu";
			};
			name = Release;
		};
		6B6711EA27A02727008A9E7A /* Debug */ = {
			isa = XCBuildConfiguration;
			buildSettings = {
				ALWAYS_EMBED_SWIFT_STANDARD_LIBRARIES = YES;
				CODE_SIGN_STYLE = Automatic;
				DEVELOPMENT_TEAM = 63D4662568;
				INFOPLIST_FILE = "The Story of KieuUITests/Info.plist";
				LD_RUNPATH_SEARCH_PATHS = (
					"$(inherited)",
					"@executable_path/Frameworks",
					"@loader_path/Frameworks",
				);
				PRODUCT_BUNDLE_IDENTIFIER = "SHEngine.The-Story-of-KieuUITests";
				PRODUCT_NAME = "$(TARGET_NAME)";
				SWIFT_VERSION = 5.0;
				TARGETED_DEVICE_FAMILY = "1,2";
				TEST_TARGET_NAME = "The Story of Kieu";
			};
			name = Debug;
		};
		6B6711EB27A02727008A9E7A /* Release */ = {
			isa = XCBuildConfiguration;
			buildSettings = {
				ALWAYS_EMBED_SWIFT_STANDARD_LIBRARIES = YES;
				CODE_SIGN_STYLE = Automatic;
				DEVELOPMENT_TEAM = 63D4662568;
				INFOPLIST_FILE = "The Story of KieuUITests/Info.plist";
				LD_RUNPATH_SEARCH_PATHS = (
					"$(inherited)",
					"@executable_path/Frameworks",
					"@loader_path/Frameworks",
				);
				PRODUCT_BUNDLE_IDENTIFIER = "SHEngine.The-Story-of-KieuUITests";
				PRODUCT_NAME = "$(TARGET_NAME)";
				SWIFT_VERSION = 5.0;
				TARGETED_DEVICE_FAMILY = "1,2";
				TEST_TARGET_NAME = "The Story of Kieu";
			};
			name = Release;
		};
/* End XCBuildConfiguration section */

/* Begin XCConfigurationList section */
		6B6711B427A02724008A9E7A /* Build configuration list for PBXProject "The Story of Kieu" */ = {
			isa = XCConfigurationList;
			buildConfigurations = (
				6B6711E127A02727008A9E7A /* Debug */,
				6B6711E227A02727008A9E7A /* Release */,
			);
			defaultConfigurationIsVisible = 0;
			defaultConfigurationName = Release;
		};
		6B6711E327A02727008A9E7A /* Build configuration list for PBXNativeTarget "The Story of Kieu" */ = {
			isa = XCConfigurationList;
			buildConfigurations = (
				6B6711E427A02727008A9E7A /* Debug */,
				6B6711E527A02727008A9E7A /* Release */,
			);
			defaultConfigurationIsVisible = 0;
			defaultConfigurationName = Release;
		};
		6B6711E627A02727008A9E7A /* Build configuration list for PBXNativeTarget "The Story of KieuTests" */ = {
			isa = XCConfigurationList;
			buildConfigurations = (
				6B6711E727A02727008A9E7A /* Debug */,
				6B6711E827A02727008A9E7A /* Release */,
			);
			defaultConfigurationIsVisible = 0;
			defaultConfigurationName = Release;
		};
		6B6711E927A02727008A9E7A /* Build configuration list for PBXNativeTarget "The Story of KieuUITests" */ = {
			isa = XCConfigurationList;
			buildConfigurations = (
				6B6711EA27A02727008A9E7A /* Debug */,
				6B6711EB27A02727008A9E7A /* Release */,
			);
			defaultConfigurationIsVisible = 0;
			defaultConfigurationName = Release;
		};
/* End XCConfigurationList section */
	};
	rootObject = 6B6711B127A02724008A9E7A /* Project object */;
}
